
Microsoft Visual Studio Solution File, Format Version 12.00
# Visual Studio Version 16
VisualStudioVersion = 16.0.31910.167
MinimumVisualStudioVersion = 10.0.40219.1
Project("{9A19103F-16F7-4668-BE54-9A1E7A4F7556}") = "DirectLineBot", "DirectLineBot\DirectLineBot.csproj", "{A8BA1066-5695-4D71-ABB4-65E5A5E0C3D4}"
EndProject
Project("{FAE04EC0-301F-11D3-BF4B-00C04F79EFBC}") = "DirectLineSampleClient", "DirectLineClient\DirectLineSampleClient.csproj", "{10935995-5C58-438B-B5F0-FA94BEA2667F}"
EndProject
Project("{2150E333-8FDC-42A3-9474-1A3956D46DE8}") = "README", "README", "{24EE8FDE-6FB7-4352-AAFA-F53D188003D8}"
	ProjectSection(SolutionItems) = preProject
		README.md = README.md
	EndProjectSection
EndProject
Project("{9A19103F-16F7-4668-BE54-9A1E7A4F7556}") = "Microsoft.Bot.Connector.DirectLine", "..\..\libraries\Microsoft.Bot.Connector.DirectLine.csproj", "{222A7014-9EA6-4CCB-8F1E-8DBAF58668CA}"
EndProject
Project("{FAE04EC0-301F-11D3-BF4B-00C04F79EFBC}") = "DirectLineSampleAcuireTokenClient", "DirectLineClientAcquireToken\DirectLineSampleAcuireTokenClient.csproj", "{305A8431-1C17-4BF2-A0B6-8AC984D8F8AD}"
EndProject
Global
	GlobalSection(SolutionConfigurationPlatforms) = preSolution
		Debug|Any CPU = Debug|Any CPU
		Release|Any CPU = Release|Any CPU
	EndGlobalSection
	GlobalSection(ProjectConfigurationPlatforms) = postSolution
		{A8BA1066-5695-4D71-ABB4-65E5A5E0C3D4}.Debug|Any CPU.ActiveCfg = Debug|Any CPU
		{A8BA1066-5695-4D71-ABB4-65E5A5E0C3D4}.Debug|Any CPU.Build.0 = Debug|Any CPU
		{A8BA1066-5695-4D71-ABB4-65E5A5E0C3D4}.Release|Any CPU.ActiveCfg = Release|Any CPU
		{A8BA1066-5695-4D71-ABB4-65E5A5E0C3D4}.Release|Any CPU.Build.0 = Release|Any CPU
		{10935995-5C58-438B-B5F0-FA94BEA2667F}.Debug|Any CPU.ActiveCfg = Debug|Any CPU
		{10935995-5C58-438B-B5F0-FA94BEA2667F}.Debug|Any CPU.Build.0 = Debug|Any CPU
		{10935995-5C58-438B-B5F0-FA94BEA2667F}.Release|Any CPU.ActiveCfg = Release|Any CPU
		{10935995-5C58-438B-B5F0-FA94BEA2667F}.Release|Any CPU.Build.0 = Release|Any CPU
		{222A7014-9EA6-4CCB-8F1E-8DBAF58668CA}.Debug|Any CPU.ActiveCfg = Debug|Any CPU
		{222A7014-9EA6-4CCB-8F1E-8DBAF58668CA}.Debug|Any CPU.Build.0 = Debug|Any CPU
		{222A7014-9EA6-4CCB-8F1E-8DBAF58668CA}.Release|Any CPU.ActiveCfg = Release|Any CPU
		{222A7014-9EA6-4CCB-8F1E-8DBAF58668CA}.Release|Any CPU.Build.0 = Release|Any CPU
		{305A8431-1C17-4BF2-A0B6-8AC984D8F8AD}.Debug|Any CPU.ActiveCfg = Debug|Any CPU
		{305A8431-1C17-4BF2-A0B6-8AC984D8F8AD}.Debug|Any CPU.Build.0 = Debug|Any CPU
		{305A8431-1C17-4BF2-A0B6-8AC984D8F8AD}.Release|Any CPU.ActiveCfg = Release|Any CPU
		{305A8431-1C17-4BF2-A0B6-8AC984D8F8AD}.Release|Any CPU.Build.0 = Release|Any CPU
	EndGlobalSection
	GlobalSection(SolutionProperties) = preSolution
		HideSolutionNode = FALSE
	EndGlobalSection
	GlobalSection(ExtensibilityGlobals) = postSolution
		SolutionGuid = {53F48480-F4AA-49AE-AE20-BB0564D0C452}
	EndGlobalSection
EndGlobal
