
Microsoft Visual Studio Solution File, Format Version 12.00
# Visual Studio Version 16
VisualStudioVersion = 16.0.31402.337
MinimumVisualStudioVersion = 10.0.40219.1
Project("{9A19103F-16F7-4668-BE54-9A1E7A4F7556}") = "Microsoft.Bot.Connector.DirectLine.3.0", "Microsoft.Bot.Connector.DirectLine.3.0.csproj", "{8E3AA2C1-C5FA-4703-AA2C-A8E5654072E2}"
EndProject
Global
	GlobalSection(SolutionConfigurationPlatforms) = preSolution
		Debug|Any CPU = Debug|Any CPU
		Release|Any CPU = Release|Any CPU
	EndGlobalSection
	GlobalSection(ProjectConfigurationPlatforms) = postSolution
		{8E3AA2C1-C5FA-4703-AA2C-A8E5654072E2}.Debug|Any CPU.ActiveCfg = Debug|Any CPU
		{8E3AA2C1-C5FA-4703-AA2C-A8E5654072E2}.Debug|Any CPU.Build.0 = Debug|Any CPU
		{8E3AA2C1-C5FA-4703-AA2C-A8E5654072E2}.Release|Any CPU.ActiveCfg = Release|Any CPU
		{8E3AA2C1-C5FA-4703-AA2C-A8E5654072E2}.Release|Any CPU.Build.0 = Release|Any CPU
	EndGlobalSection
	GlobalSection(SolutionProperties) = preSolution
		HideSolutionNode = FALSE
	EndGlobalSection
	GlobalSection(ExtensibilityGlobals) = postSolution
		SolutionGuid = {27BE4BAD-138B-427A-9E04-8F104E62238E}
	EndGlobalSection
EndGlobal
